lockfileVersion: '9.0'

settings:
  autoInstallPeers: true
  excludeLinksFromLockfile: false

importers:

  .:
    dependencies:
      '@tsparticles/engine':
        specifier: ^3.9.1
        version: 3.9.1
      install:
        specifier: ^0.13.0
        version: 0.13.0
      lottie-web:
        specifier: ^5.13.0
        version: 5.13.0
      tsparticles:
        specifier: ^3.9.1
        version: 3.9.1
    devDependencies:
      vite:
        specifier: ^8.0.10
        version: 8.0.10

packages:

  '@emnapi/core@1.10.0':
    resolution: {integrity: sha512-yq6OkJ4p82CAfPl0u9mQebQHKPJkY7WrIuk205cTYnYe+k2Z8YBh11FrbRG/H6ihirqcacOgl2BIO8oyMQLeXw==}

  '@emnapi/runtime@1.10.0':
    resolution: {integrity: sha512-ewvYlk86xUoGI0zQRNq/mC+16R1QeDlKQy21Ki3oSYXNgLb45GV1P6A0M+/s6nyCuNDqe5VpaY84BzXGwVbwFA==}

  '@emnapi/wasi-threads@1.2.1':
    resolution: {integrity: sha512-uTII7OYF+/Mes/MrcIOYp5yOtSMLBWSIoLPpcgwipoiKbli6k322tcoFsxoIIxPDqW01SQGAgko4EzZi2BNv2w==}

  '@napi-rs/wasm-runtime@1.1.4':
    resolution: {integrity: sha512-3NQNNgA1YSlJb/kMH1ildASP9HW7/7kYnRI2szWJaofaS1hWmbGI4H+d3+22aGzXXN9IJ+n+GiFVcGipJP18ow==}
    peerDependencies:
      '@emnapi/core': ^1.7.1
      '@emnapi/runtime': ^1.7.1

  '@oxc-project/types@0.127.0':
    resolution: {integrity: sha512-aIYXQBo4lCbO4z0R3FHeucQHpF46l2LbMdxRvqvuRuW2OxdnSkcng5B8+K12spgLDj93rtN3+J2Vac/TIO+ciQ==}

  '@rolldown/binding-android-arm64@1.0.0-rc.17':
    resolution: {integrity: sha512-s70pVGhw4zqGeFnXWvAzJDlvxhlRollagdCCKRgOsgUOH3N1l0LIxf83AtGzmb5SiVM4Hjl5HyarMRfdfj3DaQ==}
    engines: {node: ^20.19.0 || >=22.12.0}
    cpu: [arm64]
    os: [android]

  '@rolldown/binding-darwin-arm64@1.0.0-rc.17':
    resolution: {integrity: sha512-4ksWc9n0mhlZpZ9PMZgTGjeOPRu8MB1Z3Tz0Mo02eWfWCHMW1zN82Qz/pL/rC+yQa+8ZnutMF0JjJe7PjwasYw==}
    engines: {node: ^20.19.0 || >=22.12.0}
    cpu: [arm64]
    os: [darwin]

  '@rolldown/binding-darwin-x64@1.0.0-rc.17':
    resolution: {integrity: sha512-SUSDOI6WwUVNcWxd02QEBjLdY1VPHvlEkw6T/8nYG322iYWCTxRb1vzk4E+mWWYehTp7ERibq54LSJGjmouOsw==}
    engines: {node: ^20.19.0 || >=22.12.0}
    cpu: [x64]
    os: [darwin]

  '@rolldown/binding-freebsd-x64@1.0.0-rc.17':
    resolution: {integrity: sha512-hwnz3nw9dbJ05EDO/PvcjaaewqqDy7Y1rn1UO81l8iIK1GjenME75dl16ajbvSSMfv66WXSRCYKIqfgq2KCfxw==}
    engines: {node: ^20.19.0 || >=22.12.0}
    cpu: [x64]
    os: [freebsd]

  '@rolldown/binding-linux-arm-gnueabihf@1.0.0-rc.17':
    resolution: {integrity: sha512-IS+W7epTcwANmFSQFrS1SivEXHtl1JtuQA9wlxrZTcNi6mx+FDOYrakGevvvTwgj2JvWiK8B29/qD9BELZPyXQ==}
    engines: {node: ^20.19.0 || >=22.12.0}
    cpu: [arm]
    os: [linux]

  '@rolldown/binding-linux-arm64-gnu@1.0.0-rc.17':
    resolution: {integrity: sha512-e6usGaHKW5BMNZOymS1UcEYGowQMWcgZ71Z17Sl/h2+ZziNJ1a9n3Zvcz6LdRyIW5572wBCTH/Z+bKuZouGk9Q==}
    engines: {node: ^20.19.0 || >=22.12.0}
    cpu: [arm64]
    os: [linux]
    libc: [glibc]

  '@rolldown/binding-linux-arm64-musl@1.0.0-rc.17':
    resolution: {integrity: sha512-b/CgbwAJpmrRLp02RPfhbudf5tZnN9nsPWK82znefso832etkem8H7FSZwxrOI9djcdTP7U6YfNhbRnh7djErg==}
    engines: {node: ^20.19.0 || >=22.12.0}
    cpu: [arm64]
    os: [linux]
    libc: [musl]

  '@rolldown/binding-linux-ppc64-gnu@1.0.0-rc.17':
    resolution: {integrity: sha512-4EII1iNGRUN5WwGbF/kOh/EIkoDN9HsupgLQoXfY+D1oyJm7/F4t5PYU5n8SWZgG0FEwakyM8pGgwcBYruGTlA==}
    engines: {node: ^20.19.0 || >=22.12.0}
    cpu: [ppc64]
    os: [linux]
    libc: [glibc]

  '@rolldown/binding-linux-s390x-gnu@1.0.0-rc.17':
    resolution: {integrity: sha512-AH8oq3XqQo4IibpVXvPeLDI5pzkpYn0WiZAfT05kFzoJ6tQNzwRdDYQ45M8I/gslbodRZwW8uxLhbSBbkv96rA==}
    engines: {node: ^20.19.0 || >=22.12.0}
    cpu: [s390x]
    os: [linux]
    libc: [glibc]

  '@rolldown/binding-linux-x64-gnu@1.0.0-rc.17':
    resolution: {integrity: sha512-cLnjV3xfo7KslbU41Z7z8BH/E1y5mzUYzAqih1d1MDaIGZRCMqTijqLv76/P7fyHuvUcfGsIpqCdddbxLLK9rA==}
    engines: {node: ^20.19.0 || >=22.12.0}
    cpu: [x64]
    os: [linux]
    libc: [glibc]

  '@rolldown/binding-linux-x64-musl@1.0.0-rc.17':
    resolution: {integrity: sha512-0phclDw1spsL7dUB37sIARuis2tAgomCJXAHZlpt8PXZ4Ba0dRP1e+66lsRqrfhISeN9bEGNjQs+T/Fbd7oYGw==}
    engines: {node: ^20.19.0 || >=22.12.0}
    cpu: [x64]
    os: [linux]
    libc: [musl]

  '@rolldown/binding-openharmony-arm64@1.0.0-rc.17':
    resolution: {integrity: sha512-0ag/hEgXOwgw4t8QyQvUCxvEg+V0KBcA6YuOx9g0r02MprutRF5dyljgm3EmR02O292UX7UeS6HzWHAl6KgyhA==}
    engines: {node: ^20.19.0 || >=22.12.0}
    cpu: [arm64]
    os: [openharmony]

  '@rolldown/binding-wasm32-wasi@1.0.0-rc.17':
    resolution: {integrity: sha512-LEXei6vo0E5wTGwpkJ4KoT3OZJRnglwldt5ziLzOlc6qqb55z4tWNq2A+PFqCJuvWWdP53CVhG1Z9NtToDPJrA==}
    engines: {node: ^20.19.0 || >=22.12.0}
    cpu: [wasm32]

  '@rolldown/binding-win32-arm64-msvc@1.0.0-rc.17':
    resolution: {integrity: sha512-gUmyzBl3SPMa6hrqFUth9sVfcLBlYsbMzBx5PlexMroZStgzGqlZ26pYG89rBb45Mnia+oil6YAIFeEWGWhoZA==}
    engines: {node: ^20.19.0 || >=22.12.0}
    cpu: [arm64]
    os: [win32]

  '@rolldown/binding-win32-x64-msvc@1.0.0-rc.17':
    resolution: {integrity: sha512-3hkiolcUAvPB9FLb3UZdfjVVNWherN1f/skkGWJP/fgSQhYUZpSIRr0/I8ZK9TkF3F7kxvJAk0+IcKvPHk9qQg==}
    engines: {node: ^20.19.0 || >=22.12.0}
    cpu: [x64]
    os: [win32]

  '@rolldown/pluginutils@1.0.0-rc.17':
    resolution: {integrity: sha512-n8iosDOt6Ig1UhJ2AYqoIhHWh/isz0xpicHTzpKBeotdVsTEcxsSA/i3EVM7gQAj0rU27OLAxCjzlj15IWY7bg==}

  '@tsparticles/basic@3.9.1':
    resolution: {integrity: sha512-ijr2dHMx0IQHqhKW3qA8tfwrR2XYbbWYdaJMQuBo2CkwBVIhZ76U+H20Y492j/NXpd1FUnt2aC0l4CEVGVGdeQ==}

  '@tsparticles/engine@3.9.1':
    resolution: {integrity: sha512-DpdgAhWMZ3Eh2gyxik8FXS6BKZ8vyea+Eu5BC4epsahqTGY9V3JGGJcXC6lRJx6cPMAx1A0FaQAojPF3v6rkmQ==}

  '@tsparticles/interaction-external-attract@3.9.1':
    resolution: {integrity: sha512-5AJGmhzM9o4AVFV24WH5vSqMBzOXEOzIdGLIr+QJf4fRh9ZK62snsusv/ozKgs2KteRYQx+L7c5V3TqcDy2upg==}

  '@tsparticles/interaction-external-bounce@3.9.1':
    resolution: {integrity: sha512-bv05+h70UIHOTWeTsTI1AeAmX6R3s8nnY74Ea6p6AbQjERzPYIa0XY19nq/hA7+Nrg+EissP5zgoYYeSphr85A==}

  '@tsparticles/interaction-external-bubble@3.9.1':
    resolution: {integrity: sha512-tbd8ox/1GPl+zr+KyHQVV1bW88GE7OM6i4zql801YIlCDrl9wgTDdDFGIy9X7/cwTvTrCePhrfvdkUamXIribQ==}

  '@tsparticles/interaction-external-connect@3.9.1':
    resolution: {integrity: sha512-sq8YfUNsIORjXHzzW7/AJQtfi/qDqLnYG2qOSE1WOsog39MD30RzmiOloejOkfNeUdcGUcfsDgpUuL3UhzFUOA==}

  '@tsparticles/interaction-external-grab@3.9.1':
    resolution: {integrity: sha512-QwXza+sMMWDaMiFxd8y2tJwUK6c+nNw554+/9+tEZeTTk2fCbB0IJ7p/TH6ZGWDL0vo2muK54Njv2fEey191ow==}

  '@tsparticles/interaction-external-pause@3.9.1':
    resolution: {integrity: sha512-Gzv4/FeNir0U/tVM9zQCqV1k+IAgaFjDU3T30M1AeAsNGh/rCITV2wnT7TOGFkbcla27m4Yxa+Fuab8+8pzm+g==}

  '@tsparticles/interaction-external-push@3.9.1':
    resolution: {integrity: sha512-GvnWF9Qy4YkZdx+WJL2iy9IcgLvzOIu3K7aLYJFsQPaxT8d9TF8WlpoMlWKnJID6H5q4JqQuMRKRyWH8aAKyQw==}

  '@tsparticles/interaction-external-remove@3.9.1':
    resolution: {integrity: sha512-yPThm4UDWejDOWW5Qc8KnnS2EfSo5VFcJUQDWc1+Wcj17xe7vdSoiwwOORM0PmNBzdDpSKQrte/gUnoqaUMwOA==}

  '@tsparticles/interaction-external-repulse@3.9.1':
    resolution: {integrity: sha512-/LBppXkrMdvLHlEKWC7IykFhzrz+9nebT2fwSSFXK4plEBxDlIwnkDxd3FbVOAbnBvx4+L8+fbrEx+RvC8diAw==}

  '@tsparticles/interaction-external-slow@3.9.1':
    resolution: {integrity: sha512-1ZYIR/udBwA9MdSCfgADsbDXKSFS0FMWuPWz7bm79g3sUxcYkihn+/hDhc6GXvNNR46V1ocJjrj0u6pAynS1KQ==}

  '@tsparticles/interaction-external-trail@3.9.1':
    resolution: {integrity: sha512-Au0v2oiqfKTemI/4bzjD4dUXzIngB5Q2T4nJcMCYpP24uZfwZh5xTjUMH7gyJyyaRTdMl9IJrp8ySjyYbLfeGg==}

  '@tsparticles/interaction-particles-attract@3.9.1':
    resolution: {integrity: sha512-CYYYowJuGwRLUixQcSU/48PTKM8fCUYThe0hXwQ+yRMLAn053VHzL7NNZzKqEIeEyt5oJoy9KcvubjKWbzMBLQ==}

  '@tsparticles/interaction-particles-collisions@3.9.1':
    resolution: {integrity: sha512-ggGyjW/3v1yxvYW1IF1EMT15M6w31y5zfNNUPkqd/IXRNPYvm0Z0ayhp+FKmz70M5p0UxxPIQHTvAv9Jqnuj8w==}

  '@tsparticles/interaction-particles-links@3.9.1':
    resolution: {integrity: sha512-MsLbMjy1vY5M5/hu/oa5OSRZAUz49H3+9EBMTIOThiX+a+vpl3sxc9AqNd9gMsPbM4WJlub8T6VBZdyvzez1Vg==}

  '@tsparticles/move-base@3.9.1':
    resolution: {integrity: sha512-X4huBS27d8srpxwOxliWPUt+NtCwY+8q/cx1DvQxyqmTA8VFCGpcHNwtqiN+9JicgzOvSuaORVqUgwlsc7h4pQ==}

  '@tsparticles/move-parallax@3.9.1':
    resolution: {integrity: sha512-whlOR0bVeyh6J/hvxf/QM3DqvNnITMiAQ0kro6saqSDItAVqg4pYxBfEsSOKq7EhjxNvfhhqR+pFMhp06zoCVA==}

  '@tsparticles/plugin-absorbers@3.9.1':
    resolution: {integrity: sha512-q9SQllpbPPgw1+euxHPYCFawOVUazQkkwnleiIgpYSiimlCyjIdwGnFPSNe1Sypzqmr2h6oOyX2vkK5ZVNEu8A==}

  '@tsparticles/plugin-easing-quad@3.9.1':
    resolution: {integrity: sha512-C2UJOca5MTDXKUTBXj30Kiqr5UyID+xrY/LxicVWWZPczQW2bBxbIbfq9ULvzGDwBTxE2rdvIB8YFKmDYO45qw==}

  '@tsparticles/plugin-emitters-shape-circle@3.9.1':
    resolution: {integrity: sha512-z+9MsAPWr++sNz6N6303rRDjusW0BIPhHY51E5eXGDcRdOqrESDs6y99AJ/6Kdb/PpibCIYjFY9jVi2JJADPRA==}

  '@tsparticles/plugin-emitters-shape-square@3.9.1':
    resolution: {integrity: sha512-dhA1c7FKs19B8lgTf25OTA3JoptNA+rjorsqCFuY1BZDI8g9E8DNqikUge14/W7nZN96+98hY+ghxSl4K2YsgA==}

  '@tsparticles/plugin-emitters@3.9.1':
    resolution: {integrity: sha512-h7opR8SoFWBmVHceDLJUerLENaPfkJSh2zQYvzmLj2L+V3VLS1QDgty+4QZVeZfqNROmgQw2eLFA5El1E0sqqw==}

  '@tsparticles/plugin-hex-color@3.9.1':
    resolution: {integrity: sha512-vZgZ12AjUicJvk7AX4K2eAmKEQX/D1VEjEPFhyjbgI7A65eX72M465vVKIgNA6QArLZ1DLs7Z787LOE6GOBWsg==}

  '@tsparticles/plugin-hsl-color@3.9.1':
    resolution: {integrity: sha512-jJd1iGgRwX6eeNjc1zUXiJivaqC5UE+SC2A3/NtHwwoQrkfxGWmRHOsVyLnOBRcCPgBp/FpdDe6DIDjCMO715w==}

  '@tsparticles/plugin-rgb-color@3.9.1':
    resolution: {integrity: sha512-SBxk7f1KBfXeTnnklbE2Hx4jBgh6I6HOtxb+Os1gTp0oaghZOkWcCD2dP4QbUu7fVNCMOcApPoMNC8RTFcy9wQ==}

  '@tsparticles/shape-circle@3.9.1':
    resolution: {integrity: sha512-DqZFLjbuhVn99WJ+A9ajz9YON72RtCcvubzq6qfjFmtwAK7frvQeb6iDTp6Ze9FUipluxVZWVRG4vWTxi2B+/g==}

  '@tsparticles/shape-emoji@3.9.1':
    resolution: {integrity: sha512-ifvY63usuT+hipgVHb8gelBHSeF6ryPnMxAAEC1RGHhhXfpSRWMtE6ybr+pSsYU52M3G9+TF84v91pSwNrb9ZQ==}

  '@tsparticles/shape-image@3.9.1':
    resolution: {integrity: sha512-fCA5eme8VF3oX8yNVUA0l2SLDKuiZObkijb0z3Ky0qj1HUEVlAuEMhhNDNB9E2iELTrWEix9z7BFMePp2CC7AA==}

  '@tsparticles/shape-line@3.9.1':
    resolution: {integrity: sha512-wT8NSp0N9HURyV05f371cHKcNTNqr0/cwUu6WhBzbshkYGy1KZUP9CpRIh5FCrBpTev34mEQfOXDycgfG0KiLQ==}

  '@tsparticles/shape-polygon@3.9.1':
    resolution: {integrity: sha512-dA77PgZdoLwxnliH6XQM/zF0r4jhT01pw5y7XTeTqws++hg4rTLV9255k6R6eUqKq0FPSW1/WBsBIl7q/MmrqQ==}

  '@tsparticles/shape-square@3.9.1':
    resolution: {integrity: sha512-DKGkDnRyZrAm7T2ipqNezJahSWs6xd9O5LQLe5vjrYm1qGwrFxJiQaAdlb00UNrexz1/SA7bEoIg4XKaFa7qhQ==}

  '@tsparticles/shape-star@3.9.1':
    resolution: {integrity: sha512-kdMJpi8cdeb6vGrZVSxTG0JIjCwIenggqk0EYeKAwtOGZFBgL7eHhF2F6uu1oq8cJAbXPujEoabnLsz6mW8XaA==}

  '@tsparticles/shape-text@3.9.1':
    resolution: {integrity: sha512-oNsLHI0lGkIXoUw3W598iwd7dtoHCDrwpwJRGnQzgfk6T5a9dCpSD5vDeQN89lr3BUbVui4lhxq+/TyC64oAqA==}

  '@tsparticles/slim@3.9.1':
    resolution: {integrity: sha512-CL5cDmADU7sDjRli0So+hY61VMbdroqbArmR9Av+c1Fisa5ytr6QD7Jv62iwU2S6rvgicEe9OyRmSy5GIefwZw==}

  '@tsparticles/updater-color@3.9.1':
    resolution: {integrity: sha512-XGWdscrgEMA8L5E7exsE0f8/2zHKIqnTrZymcyuFBw2DCB6BIV+5z6qaNStpxrhq3DbIxxhqqcybqeOo7+Alpg==}

  '@tsparticles/updater-destroy@3.9.1':
    resolution: {integrity: sha512-MjMzEhZwCQIbxO6ZRM0eXsHVwmlXuUqwC43WCPZCpjhK3AJrMu3KR4xsJieFTWIbVNguAvbgoTB10FfJOUU5VA==}

  '@tsparticles/updater-life@3.9.1':
    resolution: {integrity: sha512-Oi8aF2RIwMMsjssUkCB6t3PRpENHjdZf6cX92WNfAuqXtQphr3OMAkYFJFWkvyPFK22AVy3p/cFt6KE5zXxwAA==}

  '@tsparticles/updater-opacity@3.9.1':
    resolution: {integrity: sha512-w778LQuRZJ+IoWzeRdrGykPYSSaTeWfBvLZ2XwYEkh/Ss961InOxZKIpcS6i5Kp/Zfw0fS1ZAuqeHwuj///Osw==}

  '@tsparticles/updater-out-modes@3.9.1':
    resolution: {integrity: sha512-cKQEkAwbru+hhKF+GTsfbOvuBbx2DSB25CxOdhtW2wRvDBoCnngNdLw91rs+0Cex4tgEeibkebrIKFDDE6kELg==}

  '@tsparticles/updater-roll@3.9.1':
    resolution: {integrity: sha512-zl4JeM3gUBJ0uttmIsond3lrZ3f3AkItFeS0Lhj/7jiCKfUoRyyOMrcBk8R1AhW7lI+7ko1iBs3jhO0jnxz9vg==}

  '@tsparticles/updater-rotate@3.9.1':
    resolution: {integrity: sha512-9BfKaGfp28JN82MF2qs6Ae/lJr9EColMfMTHqSKljblwbpVDHte4umuwKl3VjbRt87WD9MGtla66NTUYl+WxuQ==}

  '@tsparticles/updater-size@3.9.1':
    resolution: {integrity: sha512-3NSVs0O2ApNKZXfd+y/zNhTXSFeG1Pw4peI8e6z/q5+XLbmue9oiEwoPy/tQLaark3oNj3JU7Q903ZijPyXSzw==}

  '@tsparticles/updater-stroke-color@3.9.1':
    resolution: {integrity: sha512-3x14+C2is9pZYTg9T2TiA/aM1YMq4wLdYaZDcHm3qO30DZu5oeQq0rm/6w+QOGKYY1Z3Htg9rlSUZkhTHn7eDA==}

  '@tsparticles/updater-tilt@3.9.1':
    resolution: {integrity: sha512-PB2yaoyXRmSk4iIVgjtRrzOxXMK9mjeAQHIJGtT4faq46Z8cbIIEFgjTwqrUV8qOrNg/h4sm5NE/s0qsTYjp1Q==}

  '@tsparticles/updater-twinkle@3.9.1':
    resolution: {integrity: sha512-xgTcYr6LmP44IPIBeQmEExN2Y5Nfl3ikmC08eOh5nZy/ta6ORP+JTsprrnfuv/O2DwTyoqFLkZ16hZfkdc1yOQ==}

  '@tsparticles/updater-wobble@3.9.1':
    resolution: {integrity: sha512-c99Ogy9q4QWO+zsDXol0UnpUwZiY2UucFb8ltuDv9AlbGUeprygoub8jhgT5pEDv+GdzWOJGSgq7rfgv9cHBrg==}

  '@tybys/wasm-util@0.10.2':
    resolution: {integrity: sha512-RoBvJ2X0wuKlWFIjrwffGw1IqZHKQqzIchKaadZZfnNpsAYp2mM0h36JtPCjNDAHGgYez/15uMBpfGwchhiMgg==}

  detect-libc@2.1.2:
    resolution: {integrity: sha512-Btj2BOOO83o3WyH59e8MgXsxEQVcarkUOpEYrubB0urwnN10yQ364rsiByU11nZlqWYZm05i/of7io4mzihBtQ==}
    engines: {node: '>=8'}

  fdir@6.5.0:
    resolution: {integrity: sha512-tIbYtZbucOs0BRGqPJkshJUYdL+SDH7dVM8gjy+ERp3WAUjLEFJE+02kanyHtwjWOnwrKYBiwAmM0p4kLJAnXg==}
    engines: {node: '>=12.0.0'}
    peerDependencies:
      picomatch: ^3 || ^4
    peerDependenciesMeta:
      picomatch:
        optional: true

  fsevents@2.3.3:
    resolution: {integrity: sha512-5xoDfX+fL7faATnagmWPpbFtwh/R77WmMMqqHGS65C3vvB0YHrgF+B1YmZ3441tMj5n63k0212XNoJwzlhffQw==}
    engines: {node: ^8.16.0 || ^10.6.0 || >=11.0.0}
    os: [darwin]

  install@0.13.0:
    resolution: {integrity: sha512-zDml/jzr2PKU9I8J/xyZBQn8rPCAY//UOYNmR01XwNwyfhEWObo2SWfSl1+0tm1u6PhxLwDnfsT/6jB7OUxqFA==}
    engines: {node: '>= 0.10'}

  lightningcss-android-arm64@1.32.0:
    resolution: {integrity: sha512-YK7/ClTt4kAK0vo6w3X+Pnm0D2cf2vPHbhOXdoNti1Ga0al1P4TBZhwjATvjNwLEBCnKvjJc2jQgHXH0NEwlAg==}
    engines: {node: '>= 12.0.0'}
    cpu: [arm64]
    os: [android]

  lightningcss-darwin-arm64@1.32.0:
    resolution: {integrity: sha512-RzeG9Ju5bag2Bv1/lwlVJvBE3q6TtXskdZLLCyfg5pt+HLz9BqlICO7LZM7VHNTTn/5PRhHFBSjk5lc4cmscPQ==}
    engines: {node: '>= 12.0.0'}
    cpu: [arm64]
    os: [darwin]

  lightningcss-darwin-x64@1.32.0:
    resolution: {integrity: sha512-U+QsBp2m/s2wqpUYT/6wnlagdZbtZdndSmut/NJqlCcMLTWp5muCrID+K5UJ6jqD2BFshejCYXniPDbNh73V8w==}
    engines: {node: '>= 12.0.0'}
    cpu: [x64]
    os: [darwin]

  lightningcss-freebsd-x64@1.32.0:
    resolution: {integrity: sha512-JCTigedEksZk3tHTTthnMdVfGf61Fky8Ji2E4YjUTEQX14xiy/lTzXnu1vwiZe3bYe0q+SpsSH/CTeDXK6WHig==}
    engines: {node: '>= 12.0.0'}
    cpu: [x64]
    os: [freebsd]

  lightningcss-linux-arm-gnueabihf@1.32.0:
    resolution: {integrity: sha512-x6rnnpRa2GL0zQOkt6rts3YDPzduLpWvwAF6EMhXFVZXD4tPrBkEFqzGowzCsIWsPjqSK+tyNEODUBXeeVHSkw==}
    engines: {node: '>= 12.0.0'}
    cpu: [arm]
    os: [linux]

  lightningcss-linux-arm64-gnu@1.32.0:
    resolution: {integrity: sha512-0nnMyoyOLRJXfbMOilaSRcLH3Jw5z9HDNGfT/gwCPgaDjnx0i8w7vBzFLFR1f6CMLKF8gVbebmkUN3fa/kQJpQ==}
    engines: {node: '>= 12.0.0'}
    cpu: [arm64]
    os: [linux]
    libc: [glibc]

  lightningcss-linux-arm64-musl@1.32.0:
    resolution: {integrity: sha512-UpQkoenr4UJEzgVIYpI80lDFvRmPVg6oqboNHfoH4CQIfNA+HOrZ7Mo7KZP02dC6LjghPQJeBsvXhJod/wnIBg==}
    engines: {node: '>= 12.0.0'}
    cpu: [arm64]
    os: [linux]
    libc: [musl]

  lightningcss-linux-x64-gnu@1.32.0:
    resolution: {integrity: sha512-V7Qr52IhZmdKPVr+Vtw8o+WLsQJYCTd8loIfpDaMRWGUZfBOYEJeyJIkqGIDMZPwPx24pUMfwSxxI8phr/MbOA==}
    engines: {node: '>= 12.0.0'}
    cpu: [x64]
    os: [linux]
    libc: [glibc]

  lightningcss-linux-x64-musl@1.32.0:
    resolution: {integrity: sha512-bYcLp+Vb0awsiXg/80uCRezCYHNg1/l3mt0gzHnWV9XP1W5sKa5/TCdGWaR/zBM2PeF/HbsQv/j2URNOiVuxWg==}
    engines: {node: '>= 12.0.0'}
    cpu: [x64]
    os: [linux]
    libc: [musl]

  lightningcss-win32-arm64-msvc@1.32.0:
    resolution: {integrity: sha512-8SbC8BR40pS6baCM8sbtYDSwEVQd4JlFTOlaD3gWGHfThTcABnNDBda6eTZeqbofalIJhFx0qKzgHJmcPTnGdw==}
    engines: {node: '>= 12.0.0'}
    cpu: [arm64]
    os: [win32]

  lightningcss-win32-x64-msvc@1.32.0:
    resolution: {integrity: sha512-Amq9B/SoZYdDi1kFrojnoqPLxYhQ4Wo5XiL8EVJrVsB8ARoC1PWW6VGtT0WKCemjy8aC+louJnjS7U18x3b06Q==}
    engines: {node: '>= 12.0.0'}
    cpu: [x64]
    os: [win32]

  lightningcss@1.32.0:
    resolution: {integrity: sha512-NXYBzinNrblfraPGyrbPoD19C1h9lfI/1mzgWYvXUTe414Gz/X1FD2XBZSZM7rRTrMA8JL3OtAaGifrIKhQ5yQ==}
    engines: {node: '>= 12.0.0'}

  lottie-web@5.13.0:
    resolution: {integrity: sha512-+gfBXl6sxXMPe8tKQm7qzLnUy5DUPJPKIyRHwtpCpyUEYjHYRJC/5gjUvdkuO2c3JllrPtHXH5UJJK8LRYl5yQ==}

  nanoid@3.3.12:
    resolution: {integrity: sha512-ZB9RH/39qpq5Vu6Y+NmUaFhQR6pp+M2Xt76XBnEwDaGcVAqhlvxrl3B2bKS5D3NH3QR76v3aSrKaF/Kiy7lEtQ==}
    engines: {node: ^10 || ^12 || ^13.7 || ^14 || >=15.0.1}
    hasBin: true

  picocolors@1.1.1:
    resolution: {integrity: sha512-xceH2snhtb5M9liqDsmEw56le376mTZkEX/jEb/RxNFyegNul7eNslCXP9FDj/Lcu0X8KEyMceP2ntpaHrDEVA==}

  picomatch@4.0.4:
    resolution: {integrity: sha512-QP88BAKvMam/3NxH6vj2o21R6MjxZUAd6nlwAS/pnGvN9IVLocLHxGYIzFhg6fUQ+5th6P4dv4eW9jX3DSIj7A==}
    engines: {node: '>=12'}

  postcss@8.5.14:
    resolution: {integrity: sha512-SoSL4+OSEtR99LHFZQiJLkT59C5B1amGO1NzTwj7TT1qCUgUO6hxOvzkOYxD+vMrXBM3XJIKzokoERdqQq/Zmg==}
    engines: {node: ^10 || ^12 || >=14}

  rolldown@1.0.0-rc.17:
    resolution: {integrity: sha512-ZrT53oAKrtA4+YtBWPQbtPOxIbVDbxT0orcYERKd63VJTF13zPcgXTvD4843L8pcsI7M6MErt8QtON6lrB9tyA==}
    engines: {node: ^20.19.0 || >=22.12.0}
    hasBin: true

  source-map-js@1.2.1:
    resolution: {integrity: sha512-UXWMKhLOwVKb728IUtQPXxfYU+usdybtUrK/8uGE8CQMvrhOpwvzDBwj0QhSL7MQc7vIsISBG8VQ8+IDQxpfQA==}
    engines: {node: '>=0.10.0'}

  tinyglobby@0.2.16:
    resolution: {integrity: sha512-pn99VhoACYR8nFHhxqix+uvsbXineAasWm5ojXoN8xEwK5Kd3/TrhNn1wByuD52UxWRLy8pu+kRMniEi6Eq9Zg==}
    engines: {node: '>=12.0.0'}

  tslib@2.8.1:
    resolution: {integrity: sha512-oJFu94HQb+KVduSUQL7wnpmqnfmLsOA/nAh6b6EH0wCEoK0/mPeXU6c3wKDV83MkOuHPRHtSXKKU99IBazS/2w==}

  tsparticles@3.9.1:
    resolution: {integrity: sha512-Y780IGSL4qjkZj7+fI92PV/cziHqLR/s6nnYri4K6vH3NQRmDK5D6pfskDO8T4Y96ChCWHY3uxPtOb/hKQ83Qg==}

  vite@8.0.10:
    resolution: {integrity: sha512-rZuUu9j6J5uotLDs+cAA4O5H4K1SfPliUlQwqa6YEwSrWDZzP4rhm00oJR5snMewjxF5V/K3D4kctsUTsIU9Mw==}
    engines: {node: ^20.19.0 || >=22.12.0}
    hasBin: true
    peerDependencies:
      '@types/node': ^20.19.0 || >=22.12.0
      '@vitejs/devtools': ^0.1.0
      esbuild: ^0.27.0 || ^0.28.0
      jiti: '>=1.21.0'
      less: ^4.0.0
      sass: ^1.70.0
      sass-embedded: ^1.70.0
      stylus: '>=0.54.8'
      sugarss: ^5.0.0
      terser: ^5.16.0
      tsx: ^4.8.1
      yaml: ^2.4.2
    peerDependenciesMeta:
      '@types/node':
        optional: true
      '@vitejs/devtools':
        optional: true
      esbuild:
        optional: true
      jiti:
        optional: true
      less:
        optional: true
      sass:
        optional: true
      sass-embedded:
        optional: true
      stylus:
        optional: true
      sugarss:
        optional: true
      terser:
        optional: true
      tsx:
        optional: true
      yaml:
        optional: true

snapshots:

  '@emnapi/core@1.10.0':
    dependencies:
      '@emnapi/wasi-threads': 1.2.1
      tslib: 2.8.1
    optional: true

  '@emnapi/runtime@1.10.0':
    dependencies:
      tslib: 2.8.1
    optional: true

  '@emnapi/wasi-threads@1.2.1':
    dependencies:
      tslib: 2.8.1
    optional: true

  '@napi-rs/wasm-runtime@1.1.4(@emnapi/core@1.10.0)(@emnapi/runtime@1.10.0)':
    dependencies:
      '@emnapi/core': 1.10.0
      '@emnapi/runtime': 1.10.0
      '@tybys/wasm-util': 0.10.2
    optional: true

  '@oxc-project/types@0.127.0': {}

  '@rolldown/binding-android-arm64@1.0.0-rc.17':
    optional: true

  '@rolldown/binding-darwin-arm64@1.0.0-rc.17':
    optional: true

  '@rolldown/binding-darwin-x64@1.0.0-rc.17':
    optional: true

  '@rolldown/binding-freebsd-x64@1.0.0-rc.17':
    optional: true

  '@rolldown/binding-linux-arm-gnueabihf@1.0.0-rc.17':
    optional: true

  '@rolldown/binding-linux-arm64-gnu@1.0.0-rc.17':
    optional: true

  '@rolldown/binding-linux-arm64-musl@1.0.0-rc.17':
    optional: true

  '@rolldown/binding-linux-ppc64-gnu@1.0.0-rc.17':
    optional: true

  '@rolldown/binding-linux-s390x-gnu@1.0.0-rc.17':
    optional: true

  '@rolldown/binding-linux-x64-gnu@1.0.0-rc.17':
    optional: true

  '@rolldown/binding-linux-x64-musl@1.0.0-rc.17':
    optional: true

  '@rolldown/binding-openharmony-arm64@1.0.0-rc.17':
    optional: true

  '@rolldown/binding-wasm32-wasi@1.0.0-rc.17':
    dependencies:
      '@emnapi/core': 1.10.0
      '@emnapi/runtime': 1.10.0
      '@napi-rs/wasm-runtime': 1.1.4(@emnapi/core@1.10.0)(@emnapi/runtime@1.10.0)
    optional: true

  '@rolldown/binding-win32-arm64-msvc@1.0.0-rc.17':
    optional: true

  '@rolldown/binding-win32-x64-msvc@1.0.0-rc.17':
    optional: true

  '@rolldown/pluginutils@1.0.0-rc.17': {}

  '@tsparticles/basic@3.9.1':
    dependencies:
      '@tsparticles/engine': 3.9.1
      '@tsparticles/move-base': 3.9.1
      '@tsparticles/plugin-hex-color': 3.9.1
      '@tsparticles/plugin-hsl-color': 3.9.1
      '@tsparticles/plugin-rgb-color': 3.9.1
      '@tsparticles/shape-circle': 3.9.1
      '@tsparticles/updater-color': 3.9.1
      '@tsparticles/updater-opacity': 3.9.1
      '@tsparticles/updater-out-modes': 3.9.1
      '@tsparticles/updater-size': 3.9.1

  '@tsparticles/engine@3.9.1': {}

  '@tsparticles/interaction-external-attract@3.9.1':
    dependencies:
      '@tsparticles/engine': 3.9.1

  '@tsparticles/interaction-external-bounce@3.9.1':
    dependencies:
      '@tsparticles/engine': 3.9.1

  '@tsparticles/interaction-external-bubble@3.9.1':
    dependencies:
      '@tsparticles/engine': 3.9.1

  '@tsparticles/interaction-external-connect@3.9.1':
    dependencies:
      '@tsparticles/engine': 3.9.1

  '@tsparticles/interaction-external-grab@3.9.1':
    dependencies:
      '@tsparticles/engine': 3.9.1

  '@tsparticles/interaction-external-pause@3.9.1':
    dependencies:
      '@tsparticles/engine': 3.9.1

  '@tsparticles/interaction-external-push@3.9.1':
    dependencies:
      '@tsparticles/engine': 3.9.1

  '@tsparticles/interaction-external-remove@3.9.1':
    dependencies:
      '@tsparticles/engine': 3.9.1

  '@tsparticles/interaction-external-repulse@3.9.1':
    dependencies:
      '@tsparticles/engine': 3.9.1

  '@tsparticles/interaction-external-slow@3.9.1':
    dependencies:
      '@tsparticles/engine': 3.9.1

  '@tsparticles/interaction-external-trail@3.9.1':
    dependencies:
      '@tsparticles/engine': 3.9.1

  '@tsparticles/interaction-particles-attract@3.9.1':
    dependencies:
      '@tsparticles/engine': 3.9.1

  '@tsparticles/interaction-particles-collisions@3.9.1':
    dependencies:
      '@tsparticles/engine': 3.9.1

  '@tsparticles/interaction-particles-links@3.9.1':
    dependencies:
      '@tsparticles/engine': 3.9.1

  '@tsparticles/move-base@3.9.1':
    dependencies:
      '@tsparticles/engine': 3.9.1

  '@tsparticles/move-parallax@3.9.1':
    dependencies:
      '@tsparticles/engine': 3.9.1

  '@tsparticles/plugin-absorbers@3.9.1':
    dependencies:
      '@tsparticles/engine': 3.9.1

  '@tsparticles/plugin-easing-quad@3.9.1':
    dependencies:
      '@tsparticles/engine': 3.9.1

  '@tsparticles/plugin-emitters-shape-circle@3.9.1':
    dependencies:
      '@tsparticles/engine': 3.9.1
      '@tsparticles/plugin-emitters': 3.9.1

  '@tsparticles/plugin-emitters-shape-square@3.9.1':
    dependencies:
      '@tsparticles/engine': 3.9.1
      '@tsparticles/plugin-emitters': 3.9.1

  '@tsparticles/plugin-emitters@3.9.1':
    dependencies:
      '@tsparticles/engine': 3.9.1

  '@tsparticles/plugin-hex-color@3.9.1':
    dependencies:
      '@tsparticles/engine': 3.9.1

  '@tsparticles/plugin-hsl-color@3.9.1':
    dependencies:
      '@tsparticles/engine': 3.9.1

  '@tsparticles/plugin-rgb-color@3.9.1':
    dependencies:
      '@tsparticles/engine': 3.9.1

  '@tsparticles/shape-circle@3.9.1':
    dependencies:
      '@tsparticles/engine': 3.9.1

  '@tsparticles/shape-emoji@3.9.1':
    dependencies:
      '@tsparticles/engine': 3.9.1

  '@tsparticles/shape-image@3.9.1':
    dependencies:
      '@tsparticles/engine': 3.9.1

  '@tsparticles/shape-line@3.9.1':
    dependencies:
      '@tsparticles/engine': 3.9.1

  '@tsparticles/shape-polygon@3.9.1':
    dependencies:
      '@tsparticles/engine': 3.9.1

  '@tsparticles/shape-square@3.9.1':
    dependencies:
      '@tsparticles/engine': 3.9.1

  '@tsparticles/shape-star@3.9.1':
    dependencies:
      '@tsparticles/engine': 3.9.1

  '@tsparticles/shape-text@3.9.1':
    dependencies:
      '@tsparticles/engine': 3.9.1

  '@tsparticles/slim@3.9.1':
    dependencies:
      '@tsparticles/basic': 3.9.1
      '@tsparticles/engine': 3.9.1
      '@tsparticles/interaction-external-attract': 3.9.1
      '@tsparticles/interaction-external-bounce': 3.9.1
      '@tsparticles/interaction-external-bubble': 3.9.1
      '@tsparticles/interaction-external-connect': 3.9.1
      '@tsparticles/interaction-external-grab': 3.9.1
      '@tsparticles/interaction-external-pause': 3.9.1
      '@tsparticles/interaction-external-push': 3.9.1
      '@tsparticles/interaction-external-remove': 3.9.1
      '@tsparticles/interaction-external-repulse': 3.9.1
      '@tsparticles/interaction-external-slow': 3.9.1
      '@tsparticles/interaction-particles-attract': 3.9.1
      '@tsparticles/interaction-particles-collisions': 3.9.1
      '@tsparticles/interaction-particles-links': 3.9.1
      '@tsparticles/move-parallax': 3.9.1
      '@tsparticles/plugin-easing-quad': 3.9.1
      '@tsparticles/shape-emoji': 3.9.1
      '@tsparticles/shape-image': 3.9.1
      '@tsparticles/shape-line': 3.9.1
      '@tsparticles/shape-polygon': 3.9.1
      '@tsparticles/shape-square': 3.9.1
      '@tsparticles/shape-star': 3.9.1
      '@tsparticles/updater-life': 3.9.1
      '@tsparticles/updater-rotate': 3.9.1
      '@tsparticles/updater-stroke-color': 3.9.1

  '@tsparticles/updater-color@3.9.1':
    dependencies:
      '@tsparticles/engine': 3.9.1

  '@tsparticles/updater-destroy@3.9.1':
    dependencies:
      '@tsparticles/engine': 3.9.1

  '@tsparticles/updater-life@3.9.1':
    dependencies:
      '@tsparticles/engine': 3.9.1

  '@tsparticles/updater-opacity@3.9.1':
    dependencies:
      '@tsparticles/engine': 3.9.1

  '@tsparticles/updater-out-modes@3.9.1':
    dependencies:
      '@tsparticles/engine': 3.9.1

  '@tsparticles/updater-roll@3.9.1':
    dependencies:
      '@tsparticles/engine': 3.9.1

  '@tsparticles/updater-rotate@3.9.1':
    dependencies:
      '@tsparticles/engine': 3.9.1

  '@tsparticles/updater-size@3.9.1':
    dependencies:
      '@tsparticles/engine': 3.9.1

  '@tsparticles/updater-stroke-color@3.9.1':
    dependencies:
      '@tsparticles/engine': 3.9.1

  '@tsparticles/updater-tilt@3.9.1':
    dependencies:
      '@tsparticles/engine': 3.9.1

  '@tsparticles/updater-twinkle@3.9.1':
    dependencies:
      '@tsparticles/engine': 3.9.1

  '@tsparticles/updater-wobble@3.9.1':
    dependencies:
      '@tsparticles/engine': 3.9.1

  '@tybys/wasm-util@0.10.2':
    dependencies:
      tslib: 2.8.1
    optional: true

  detect-libc@2.1.2: {}

  fdir@6.5.0(picomatch@4.0.4):
    optionalDependencies:
      picomatch: 4.0.4

  fsevents@2.3.3:
    optional: true

  install@0.13.0: {}

  lightningcss-android-arm64@1.32.0:
    optional: true

  lightningcss-darwin-arm64@1.32.0:
    optional: true

  lightningcss-darwin-x64@1.32.0:
    optional: true

  lightningcss-freebsd-x64@1.32.0:
    optional: true

  lightningcss-linux-arm-gnueabihf@1.32.0:
    optional: true

  lightningcss-linux-arm64-gnu@1.32.0:
    optional: true

  lightningcss-linux-arm64-musl@1.32.0:
    optional: true

  lightningcss-linux-x64-gnu@1.32.0:
    optional: true

  lightningcss-linux-x64-musl@1.32.0:
    optional: true

  lightningcss-win32-arm64-msvc@1.32.0:
    optional: true

  lightningcss-win32-x64-msvc@1.32.0:
    optional: true

  lightningcss@1.32.0:
    dependencies:
      detect-libc: 2.1.2
    optionalDependencies:
      lightningcss-android-arm64: 1.32.0
      lightningcss-darwin-arm64: 1.32.0
      lightningcss-darwin-x64: 1.32.0
      lightningcss-freebsd-x64: 1.32.0
      lightningcss-linux-arm-gnueabihf: 1.32.0
      lightningcss-linux-arm64-gnu: 1.32.0
      lightningcss-linux-arm64-musl: 1.32.0
      lightningcss-linux-x64-gnu: 1.32.0
      lightningcss-linux-x64-musl: 1.32.0
      lightningcss-win32-arm64-msvc: 1.32.0
      lightningcss-win32-x64-msvc: 1.32.0

  lottie-web@5.13.0: {}

  nanoid@3.3.12: {}

  picocolors@1.1.1: {}

  picomatch@4.0.4: {}

  postcss@8.5.14:
    dependencies:
      nanoid: 3.3.12
      picocolors: 1.1.1
      source-map-js: 1.2.1

  rolldown@1.0.0-rc.17:
    dependencies:
      '@oxc-project/types': 0.127.0
      '@rolldown/pluginutils': 1.0.0-rc.17
    optionalDependencies:
      '@rolldown/binding-android-arm64': 1.0.0-rc.17
      '@rolldown/binding-darwin-arm64': 1.0.0-rc.17
      '@rolldown/binding-darwin-x64': 1.0.0-rc.17
      '@rolldown/binding-freebsd-x64': 1.0.0-rc.17
      '@rolldown/binding-linux-arm-gnueabihf': 1.0.0-rc.17
      '@rolldown/binding-linux-arm64-gnu': 1.0.0-rc.17
      '@rolldown/binding-linux-arm64-musl': 1.0.0-rc.17
      '@rolldown/binding-linux-ppc64-gnu': 1.0.0-rc.17
      '@rolldown/binding-linux-s390x-gnu': 1.0.0-rc.17
      '@rolldown/binding-linux-x64-gnu': 1.0.0-rc.17
      '@rolldown/binding-linux-x64-musl': 1.0.0-rc.17
      '@rolldown/binding-openharmony-arm64': 1.0.0-rc.17
      '@rolldown/binding-wasm32-wasi': 1.0.0-rc.17
      '@rolldown/binding-win32-arm64-msvc': 1.0.0-rc.17
      '@rolldown/binding-win32-x64-msvc': 1.0.0-rc.17

  source-map-js@1.2.1: {}

  tinyglobby@0.2.16:
    dependencies:
      fdir: 6.5.0(picomatch@4.0.4)
      picomatch: 4.0.4

  tslib@2.8.1:
    optional: true

  tsparticles@3.9.1:
    dependencies:
      '@tsparticles/engine': 3.9.1
      '@tsparticles/interaction-external-trail': 3.9.1
      '@tsparticles/plugin-absorbers': 3.9.1
      '@tsparticles/plugin-emitters': 3.9.1
      '@tsparticles/plugin-emitters-shape-circle': 3.9.1
      '@tsparticles/plugin-emitters-shape-square': 3.9.1
      '@tsparticles/shape-text': 3.9.1
      '@tsparticles/slim': 3.9.1
      '@tsparticles/updater-destroy': 3.9.1
      '@tsparticles/updater-roll': 3.9.1
      '@tsparticles/updater-tilt': 3.9.1
      '@tsparticles/updater-twinkle': 3.9.1
      '@tsparticles/updater-wobble': 3.9.1

  vite@8.0.10:
    dependencies:
      lightningcss: 1.32.0
      picomatch: 4.0.4
      postcss: 8.5.14
      rolldown: 1.0.0-rc.17
      tinyglobby: 0.2.16
    optionalDependencies:
      fsevents: 2.3.3
